
Microsoft Visual Studio Solution File, Format Version 12.00
# Visual Studio Version 17
VisualStudioVersion = 17.4.33122.133
MinimumVisualStudioVersion = 10.0.40219.1
Project("{8BC9CEB8-8B4A-11D0-8D11-00A0C91BC942}") = "Client", "Client\Client.vcxproj", "{F83BE4D6-2469-44CD-9CB0-20ACAAFA92A9}"
	ProjectSection(ProjectDependencies) = postProject
		{84D45A96-1CA2-4C4C-8D28-ACB1BF300413} = {84D45A96-1CA2-4C4C-8D28-ACB1BF300413}
	EndProjectSection
EndProject
Project("{8BC9CEB8-8B4A-11D0-8D11-00A0C91BC942}") = "Engine", "Engine\Engine.vcxproj", "{84D45A96-1CA2-4C4C-8D28-ACB1BF300413}"
EndProject
Project("{8BC9CEB8-8B4A-11D0-8D11-00A0C91BC942}") = "SHADER_SOURCE", "SHADER_SOURCE\SHADER_SOURCE.vcxitems", "{28D2C215-08C7-4095-B2D1-D4F1F9791347}"
EndProject
Project("{8BC9CEB8-8B4A-11D0-8D11-00A0C91BC942}") = "EDITOR_SOURCE", "EDITOR_SOURCE\EDITOR_SOURCE.vcxitems", "{321A2353-15DF-47F7-985A-6FAE77A7B6B7}"
EndProject
Global
	GlobalSection(SolutionConfigurationPlatforms) = preSolution
		Debug|x64 = Debug|x64
		Debug|x86 = Debug|x86
		Release|x64 = Release|x64
		Release|x86 = Release|x86
	EndGlobalSection
	GlobalSection(ProjectConfigurationPlatforms) = postSolution
		{F83BE4D6-2469-44CD-9CB0-20ACAAFA92A9}.Debug|x64.ActiveCfg = Debug|x64
		{F83BE4D6-2469-44CD-9CB0-20ACAAFA92A9}.Debug|x64.Build.0 = Debug|x64
		{F83BE4D6-2469-44CD-9CB0-20ACAAFA92A9}.Debug|x86.ActiveCfg = Debug|Win32
		{F83BE4D6-2469-44CD-9CB0-20ACAAFA92A9}.Debug|x86.Build.0 = Debug|Win32
		{F83BE4D6-2469-44CD-9CB0-20ACAAFA92A9}.Release|x64.ActiveCfg = Release|x64
		{F83BE4D6-2469-44CD-9CB0-20ACAAFA92A9}.Release|x64.Build.0 = Release|x64
		{F83BE4D6-2469-44CD-9CB0-20ACAAFA92A9}.Release|x86.ActiveCfg = Release|Win32
		{F83BE4D6-2469-44CD-9CB0-20ACAAFA92A9}.Release|x86.Build.0 = Release|Win32
		{84D45A96-1CA2-4C4C-8D28-ACB1BF300413}.Debug|x64.ActiveCfg = Debug|x64
		{84D45A96-1CA2-4C4C-8D28-ACB1BF300413}.Debug|x64.Build.0 = Debug|x64
		{84D45A96-1CA2-4C4C-8D28-ACB1BF300413}.Debug|x86.ActiveCfg = Debug|Win32
		{84D45A96-1CA2-4C4C-8D28-ACB1BF300413}.Debug|x86.Build.0 = Debug|Win32
		{84D45A96-1CA2-4C4C-8D28-ACB1BF300413}.Release|x64.ActiveCfg = Release|x64
		{84D45A96-1CA2-4C4C-8D28-ACB1BF300413}.Release|x64.Build.0 = Release|x64
		{84D45A96-1CA2-4C4C-8D28-ACB1BF300413}.Release|x86.ActiveCfg = Release|Win32
		{84D45A96-1CA2-4C4C-8D28-ACB1BF300413}.Release|x86.Build.0 = Release|Win32
	EndGlobalSection
	GlobalSection(SolutionProperties) = preSolution
		HideSolutionNode = FALSE
	EndGlobalSection
	GlobalSection(ExtensibilityGlobals) = postSolution
		SolutionGuid = {A28764DB-1AC2-4EC1-BAC7-BFEDBB76A8A3}
	EndGlobalSection
EndGlobal
