<?xml version="1.0" encoding="utf-8"?>
<Project ToolsVersion="4.0" xmlns="http://schemas.microsoft.com/developer/msbuild/2003">
  <ItemGroup>
    <ClInclude Include="Math.h">
      <Filter>Common\Math</Filter>
    </ClInclude>
    <ClInclude Include="CommonInclude.h">
      <Filter>Common</Filter>
    </ClInclude>
    <ClInclude Include="Entity.h">
      <Filter>Common</Filter>
    </ClInclude>
    <ClInclude Include="GraphicDevice_DX11.h">
      <Filter>Graphics</Filter>
    </ClInclude>
    <ClInclude Include="Application.h">
      <Filter>High Level Interface</Filter>
    </ClInclude>
    <ClInclude Include="Input.h">
      <Filter>Input</Filter>
    </ClInclude>
    <ClInclude Include="Time.h">
      <Filter>Time</Filter>
    </ClInclude>
    <ClInclude Include="Resource.h">
      <Filter>Resource</Filter>
    </ClInclude>
    <ClInclude Include="Resources.h">
      <Filter>Resource</Filter>
    </ClInclude>
    <ClInclude Include="Graphics.h">
      <Filter>Graphics</Filter>
    </ClInclude>
    <ClInclude Include="Engine.h">
      <Filter>Common</Filter>
    </ClInclude>
    <ClInclude Include="Enums.h">
      <Filter>Common</Filter>
    </ClInclude>
    <ClInclude Include="Renderer.h">
      <Filter>Renderer</Filter>
    </ClInclude>
    <ClInclude Include="Shader.h">
      <Filter>Resource</Filter>
    </ClInclude>
    <ClInclude Include="SceneManager.h" />
    <ClInclude Include="Scene.h" />
    <ClInclude Include="MeshRenderer.h" />
    <ClInclude Include="Mesh.h" />
    <ClInclude Include="Layer.h" />
    <ClInclude Include="GameObject.h" />
    <ClInclude Include="Component.h" />
  </ItemGroup>
  <ItemGroup>
    <ClCompile Include="Math.cpp">
      <Filter>Common\Math</Filter>
    </ClCompile>
    <ClCompile Include="Entity.cpp">
      <Filter>Common</Filter>
    </ClCompile>
    <ClCompile Include="GraphicDevice_DX11.cpp">
      <Filter>Graphics</Filter>
    </ClCompile>
    <ClCompile Include="Application.cpp">
      <Filter>High Level Interface</Filter>
    </ClCompile>
    <ClCompile Include="Input.cpp">
      <Filter>Input</Filter>
    </ClCompile>
    <ClCompile Include="Time.cpp">
      <Filter>Time</Filter>
    </ClCompile>
    <ClCompile Include="Resource.cpp">
      <Filter>Resource</Filter>
    </ClCompile>
    <ClCompile Include="Resources.cpp">
      <Filter>Resource</Filter>
    </ClCompile>
    <ClCompile Include="Renderer.cpp">
      <Filter>Renderer</Filter>
    </ClCompile>
    <ClCompile Include="Shader.cpp">
      <Filter>Resource</Filter>
    </ClCompile>
    <ClCompile Include="SceneManager.cpp" />
    <ClCompile Include="Scene.cpp" />
    <ClCompile Include="MeshRenderer.cpp" />
    <ClCompile Include="Mesh.cpp" />
    <ClCompile Include="Layer.cpp" />
    <ClCompile Include="GameObject.cpp" />
    <ClCompile Include="Component.cpp" />
  </ItemGroup>
  <ItemGroup>
    <Filter Include="Common">
      <UniqueIdentifier>{7ad5084e-b995-44d3-be69-db5478965015}</UniqueIdentifier>
    </Filter>
    <Filter Include="Graphics">
      <UniqueIdentifier>{1156d914-5565-401e-9195-e3d8697be3ea}</UniqueIdentifier>
    </Filter>
    <Filter Include="High Level Interface">
      <UniqueIdentifier>{efb918b6-ff8d-4509-be41-25f09257fdc6}</UniqueIdentifier>
    </Filter>
    <Filter Include="Input">
      <UniqueIdentifier>{d51aff06-f8fe-430f-9a0e-e3c42584d3d2}</UniqueIdentifier>
    </Filter>
    <Filter Include="Resource">
      <UniqueIdentifier>{47788908-f4a7-4003-a17c-66f5709e5ed4}</UniqueIdentifier>
    </Filter>
    <Filter Include="Time">
      <UniqueIdentifier>{b4a312f3-7112-4cb3-8e8f-f0572dce0cd1}</UniqueIdentifier>
    </Filter>
    <Filter Include="Common\Math">
      <UniqueIdentifier>{47db6de4-0b1e-4017-8f4b-8fbcd4d8eff7}</UniqueIdentifier>
    </Filter>
    <Filter Include="Renderer">
      <UniqueIdentifier>{f3fa4e65-be1c-4337-99c8-e9e2a3f68160}</UniqueIdentifier>
    </Filter>
  </ItemGroup>
  <ItemGroup>
    <None Include="Math.inl">
      <Filter>Common\Math</Filter>
    </None>
  </ItemGroup>
</Project>